// !$*UTF8*$!
{
	archiveVersion = 1;
	classes = {
	};
	objectVersion = 56;
	objects = {

/* Begin PBXBuildFile section */
		EC6F86432B016FC2003A7F26 /* AppDelegate.swift in Sources */ = {isa = PBXBuildFile; fileRef = EC6F86422B016FC2003A7F26 /* AppDelegate.swift */; };
		EC6F86452B016FC2003A7F26 /* SceneDelegate.swift in Sources */ = {isa = PBXBuildFile; fileRef = EC6F86442B016FC2003A7F26 /* SceneDelegate.swift */; };
		EC6F86472B016FC2003A7F26 /* ViewController.swift in Sources */ = {isa = PBXBuildFile; fileRef = EC6F86462B016FC2003A7F26 /* ViewController.swift */; };
		EC6F864A2B016FC2003A7F26 /* Main.storyboard in Resources */ = {isa = PBXBuildFile; fileRef = EC6F86482B016FC2003A7F26 /* Main.storyboard */; };
		EC6F864C2B016FC3003A7F26 /* Assets.xcassets in Resources */ = {isa = PBXBuildFile; fileRef = EC6F864B2B016FC3003A7F26 /* Assets.xcassets */; };
		EC6F864F2B016FC3003A7F26 /* LaunchScreen.storyboard in Resources */ = {isa = PBXBuildFile; fileRef = EC6F864D2B016FC3003A7F26 /* LaunchScreen.storyboard */; };
		EC6F86582B017412003A7F26 /* Keys.plist in Resources */ = {isa = PBXBuildFile; fileRef = EC6F86572B017412003A7F26 /* Keys.plist */; };
		EC6F86602B017D52003A7F26 /* MainCollectionHeader.swift in Sources */ = {isa = PBXBuildFile; fileRef = EC6F865E2B017D52003A7F26 /* MainCollectionHeader.swift */; };
		EC6F86612B017D52003A7F26 /* MainCollectionHeader.xib in Resources */ = {isa = PBXBuildFile; fileRef = EC6F865F2B017D52003A7F26 /* MainCollectionHeader.xib */; };
		EC6F86642B017EF0003A7F26 /* UIView+Ext.swift in Sources */ = {isa = PBXBuildFile; fileRef = EC6F86632B017EF0003A7F26 /* UIView+Ext.swift */; };
		EC85822A2B02730D000E8887 /* String+Ext.swift in Sources */ = {isa = PBXBuildFile; fileRef = EC8582292B02730D000E8887 /* String+Ext.swift */; };
		EC85822C2B02754D000E8887 /* UIViewController+Ext.swift in Sources */ = {isa = PBXBuildFile; fileRef = EC85822B2B02754D000E8887 /* UIViewController+Ext.swift */; };
		EC85822E2B027B23000E8887 /* UICollectionReusableView+Ext.swift in Sources */ = {isa = PBXBuildFile; fileRef = EC85822D2B027B23000E8887 /* UICollectionReusableView+Ext.swift */; };
		EC8582302B027BD3000E8887 /* UICollectionView+Ext.swift in Sources */ = {isa = PBXBuildFile; fileRef = EC85822F2B027BD3000E8887 /* UICollectionView+Ext.swift */; };
		EC8582332B028888000E8887 /* AlertPresentable.swift in Sources */ = {isa = PBXBuildFile; fileRef = EC8582322B028888000E8887 /* AlertPresentable.swift */; };
		EC8582362B028D23000E8887 /* TvShowResponse.swift in Sources */ = {isa = PBXBuildFile; fileRef = EC8582352B028D23000E8887 /* TvShowResponse.swift */; };
		EC8582382B029043000E8887 /* TvShowDetailResponse.swift in Sources */ = {isa = PBXBuildFile; fileRef = EC8582372B029043000E8887 /* TvShowDetailResponse.swift */; };
		EC8582432B035D3E000E8887 /* HorizontalCollectionalCell.swift in Sources */ = {isa = PBXBuildFile; fileRef = EC8582412B035D3E000E8887 /* HorizontalCollectionalCell.swift */; };
		EC8582442B035D3E000E8887 /* HorizontalCollectionalCell.xib in Resources */ = {isa = PBXBuildFile; fileRef = EC8582422B035D3E000E8887 /* HorizontalCollectionalCell.xib */; };
/* End PBXBuildFile section */

/* Begin PBXFileReference section */
		EC6F863F2B016FC1003A7F26 /* MovieList.app */ = {isa = PBXFileReference; explicitFileType = wrapper.application; includeInIndex = 0; path = MovieList.app; sourceTree = BUILT_PRODUCTS_DIR; };
		EC6F86422B016FC2003A7F26 /* AppDelegate.swift */ = {isa = PBXFileReference; lastKnownFileType = sourcecode.swift; path = AppDelegate.swift; sourceTree = "<group>"; };
		EC6F86442B016FC2003A7F26 /* SceneDelegate.swift */ = {isa = PBXFileReference; lastKnownFileType = sourcecode.swift; path = SceneDelegate.swift; sourceTree = "<group>"; };
		EC6F86462B016FC2003A7F26 /* ViewController.swift */ = {isa = PBXFileReference; lastKnownFileType = sourcecode.swift; path = ViewController.swift; sourceTree = "<group>"; };
		EC6F86492B016FC2003A7F26 /* Base */ = {isa = PBXFileReference; lastKnownFileType = file.storyboard; name = Base; path = Base.lproj/Main.storyboard; sourceTree = "<group>"; };
		EC6F864B2B016FC3003A7F26 /* Assets.xcassets */ = {isa = PBXFileReference; lastKnownFileType = folder.assetcatalog; path = Assets.xcassets; sourceTree = "<group>"; };
		EC6F864E2B016FC3003A7F26 /* Base */ = {isa = PBXFileReference; lastKnownFileType = file.storyboard; name = Base; path = Base.lproj/LaunchScreen.storyboard; sourceTree = "<group>"; };
		EC6F86502B016FC3003A7F26 /* Info.plist */ = {isa = PBXFileReference; lastKnownFileType = text.plist.xml; path = Info.plist; sourceTree = "<group>"; };
		EC6F86572B017412003A7F26 /* Keys.plist */ = {isa = PBXFileReference; lastKnownFileType = text.plist.xml; path = Keys.plist; sourceTree = "<group>"; };
		EC6F865E2B017D52003A7F26 /* MainCollectionHeader.swift */ = {isa = PBXFileReference; lastKnownFileType = sourcecode.swift; path = MainCollectionHeader.swift; sourceTree = "<group>"; };
		EC6F865F2B017D52003A7F26 /* MainCollectionHeader.xib */ = {isa = PBXFileReference; lastKnownFileType = file.xib; path = MainCollectionHeader.xib; sourceTree = "<group>"; };
		EC6F86632B017EF0003A7F26 /* UIView+Ext.swift */ = {isa = PBXFileReference; lastKnownFileType = sourcecode.swift; path = "UIView+Ext.swift"; sourceTree = "<group>"; };
		EC8582292B02730D000E8887 /* String+Ext.swift */ = {isa = PBXFileReference; lastKnownFileType = sourcecode.swift; path = "String+Ext.swift"; sourceTree = "<group>"; };
		EC85822B2B02754D000E8887 /* UIViewController+Ext.swift */ = {isa = PBXFileReference; lastKnownFileType = sourcecode.swift; path = "UIViewController+Ext.swift"; sourceTree = "<group>"; };
		EC85822D2B027B23000E8887 /* UICollectionReusableView+Ext.swift */ = {isa = PBXFileReference; lastKnownFileType = sourcecode.swift; path = "UICollectionReusableView+Ext.swift"; sourceTree = "<group>"; };
		EC85822F2B027BD3000E8887 /* UICollectionView+Ext.swift */ = {isa = PBXFileReference; lastKnownFileType = sourcecode.swift; path = "UICollectionView+Ext.swift"; sourceTree = "<group>"; };
		EC8582322B028888000E8887 /* AlertPresentable.swift */ = {isa = PBXFileReference; lastKnownFileType = sourcecode.swift; path = AlertPresentable.swift; sourceTree = "<group>"; };
		EC8582352B028D23000E8887 /* TvShowResponse.swift */ = {isa = PBXFileReference; lastKnownFileType = sourcecode.swift; path = TvShowResponse.swift; sourceTree = "<group>"; };
		EC8582372B029043000E8887 /* TvShowDetailResponse.swift */ = {isa = PBXFileReference; lastKnownFileType = sourcecode.swift; path = TvShowDetailResponse.swift; sourceTree = "<group>"; };
		EC8582412B035D3E000E8887 /* HorizontalCollectionalCell.swift */ = {isa = PBXFileReference; lastKnownFileType = sourcecode.swift; path = HorizontalCollectionalCell.swift; sourceTree = "<group>"; };
		EC8582422B035D3E000E8887 /* HorizontalCollectionalCell.xib */ = {isa = PBXFileReference; lastKnownFileType = file.xib; path = HorizontalCollectionalCell.xib; sourceTree = "<group>"; };
/* End PBXFileReference section */

/* Begin PBXFrameworksBuildPhase section */
		EC6F863C2B016FC1003A7F26 /* Frameworks */ = {
			isa = PBXFrameworksBuildPhase;
			buildActionMask = 2147483647;
			files = (
			);
			runOnlyForDeploymentPostprocessing = 0;
		};
/* End PBXFrameworksBuildPhase section */

/* Begin PBXGroup section */
		EC6F86362B016FC1003A7F26 = {
			isa = PBXGroup;
			children = (
				EC6F86412B016FC2003A7F26 /* MovieList */,
				EC6F86402B016FC1003A7F26 /* Products */,
			);
			sourceTree = "<group>";
		};
		EC6F86402B016FC1003A7F26 /* Products */ = {
			isa = PBXGroup;
			children = (
				EC6F863F2B016FC1003A7F26 /* MovieList.app */,
			);
			name = Products;
			sourceTree = "<group>";
		};
		EC6F86412B016FC2003A7F26 /* MovieList */ = {
			isa = PBXGroup;
			children = (
				EC8582342B028D16000E8887 /* Model */,
				EC8582312B02887B000E8887 /* Utils */,
				EC6F86622B017EDF003A7F26 /* Extensions */,
				EC6F865B2B017BEE003A7F26 /* Scenes */,
				EC6F865A2B017A27003A7F26 /* Resources */,
				EC6F86562B01732F003A7F26 /* Supporting */,
				EC6F86422B016FC2003A7F26 /* AppDelegate.swift */,
				EC6F86442B016FC2003A7F26 /* SceneDelegate.swift */,
				EC6F86462B016FC2003A7F26 /* ViewController.swift */,
				EC6F86482B016FC2003A7F26 /* Main.storyboard */,
			);
			path = MovieList;
			sourceTree = "<group>";
		};
		EC6F86562B01732F003A7F26 /* Supporting */ = {
			isa = PBXGroup;
			children = (
				EC6F864D2B016FC3003A7F26 /* LaunchScreen.storyboard */,
				EC6F86502B016FC3003A7F26 /* Info.plist */,
				EC6F86572B017412003A7F26 /* Keys.plist */,
			);
			name = Supporting;
			sourceTree = "<group>";
		};
		EC6F865A2B017A27003A7F26 /* Resources */ = {
			isa = PBXGroup;
			children = (
				EC6F864B2B016FC3003A7F26 /* Assets.xcassets */,
			);
			path = Resources;
			sourceTree = "<group>";
		};
		EC6F865B2B017BEE003A7F26 /* Scenes */ = {
			isa = PBXGroup;
			children = (
				EC6F865C2B017BF6003A7F26 /* MainPage */,
			);
			path = Scenes;
			sourceTree = "<group>";
		};
		EC6F865C2B017BF6003A7F26 /* MainPage */ = {
			isa = PBXGroup;
			children = (
				EC8582392B02BF97000E8887 /* Cell */,
				EC6F865D2B017BFE003A7F26 /* Header */,
			);
			path = MainPage;
			sourceTree = "<group>";
		};
		EC6F865D2B017BFE003A7F26 /* Header */ = {
			isa = PBXGroup;
			children = (
				EC6F865E2B017D52003A7F26 /* MainCollectionHeader.swift */,
				EC6F865F2B017D52003A7F26 /* MainCollectionHeader.xib */,
			);
			path = Header;
			sourceTree = "<group>";
		};
		EC6F86622B017EDF003A7F26 /* Extensions */ = {
			isa = PBXGroup;
			children = (
				EC6F86632B017EF0003A7F26 /* UIView+Ext.swift */,
				EC8582292B02730D000E8887 /* String+Ext.swift */,
				EC85822B2B02754D000E8887 /* UIViewController+Ext.swift */,
				EC85822F2B027BD3000E8887 /* UICollectionView+Ext.swift */,
				EC85822D2B027B23000E8887 /* UICollectionReusableView+Ext.swift */,
			);
			path = Extensions;
			sourceTree = "<group>";
		};
		EC8582312B02887B000E8887 /* Utils */ = {
			isa = PBXGroup;
			children = (
				EC8582322B028888000E8887 /* AlertPresentable.swift */,
			);
			path = Utils;
			sourceTree = "<group>";
		};
		EC8582342B028D16000E8887 /* Model */ = {
			isa = PBXGroup;
			children = (
				EC8582352B028D23000E8887 /* TvShowResponse.swift */,
				EC8582372B029043000E8887 /* TvShowDetailResponse.swift */,
			);
			path = Model;
			sourceTree = "<group>";
		};
		EC8582392B02BF97000E8887 /* Cell */ = {
			isa = PBXGroup;
			children = (
				EC85823A2B02C076000E8887 /* HorizontalCell */,
			);
			path = Cell;
			sourceTree = "<group>";
		};
		EC85823A2B02C076000E8887 /* HorizontalCell */ = {
			isa = PBXGroup;
			children = (
				EC8582412B035D3E000E8887 /* HorizontalCollectionalCell.swift */,
				EC8582422B035D3E000E8887 /* HorizontalCollectionalCell.xib */,
			);
			path = HorizontalCell;
			sourceTree = "<group>";
		};
/* End PBXGroup section */

/* Begin PBXNativeTarget section */
		EC6F863E2B016FC1003A7F26 /* MovieList */ = {
			isa = PBXNativeTarget;
			buildConfigurationList = EC6F86532B016FC3003A7F26 /* Build configuration list for PBXNativeTarget "MovieList" */;
			buildPhases = (
				EC6F863B2B016FC1003A7F26 /* Sources */,
				EC6F863C2B016FC1003A7F26 /* Frameworks */,
				EC6F863D2B016FC1003A7F26 /* Resources */,
			);
			buildRules = (
			);
			dependencies = (
			);
			name = MovieList;
			productName = MovieList;
			productReference = EC6F863F2B016FC1003A7F26 /* MovieList.app */;
			productType = "com.apple.product-type.application";
		};
/* End PBXNativeTarget section */

/* Begin PBXProject section */
		EC6F86372B016FC1003A7F26 /* Project object */ = {
			isa = PBXProject;
			attributes = {
				BuildIndependentTargetsInParallel = 1;
				LastSwiftUpdateCheck = 1500;
				LastUpgradeCheck = 1500;
				TargetAttributes = {
					EC6F863E2B016FC1003A7F26 = {
						CreatedOnToolsVersion = 15.0;
					};
				};
			};
			buildConfigurationList = EC6F863A2B016FC1003A7F26 /* Build configuration list for PBXProject "MovieList" */;
			compatibilityVersion = "Xcode 14.0";
			developmentRegion = en;
			hasScannedForEncodings = 0;
			knownRegions = (
				en,
				Base,
			);
			mainGroup = EC6F86362B016FC1003A7F26;
			productRefGroup = EC6F86402B016FC1003A7F26 /* Products */;
			projectDirPath = "";
			projectRoot = "";
			targets = (
				EC6F863E2B016FC1003A7F26 /* MovieList */,
			);
		};
/* End PBXProject section */

/* Begin PBXResourcesBuildPhase section */
		EC6F863D2B016FC1003A7F26 /* Resources */ = {
			isa = PBXResourcesBuildPhase;
			buildActionMask = 2147483647;
			files = (
				EC6F864F2B016FC3003A7F26 /* LaunchScreen.storyboard in Resources */,
				EC6F864C2B016FC3003A7F26 /* Assets.xcassets in Resources */,
				EC6F86582B017412003A7F26 /* Keys.plist in Resources */,
				EC6F864A2B016FC2003A7F26 /* Main.storyboard in Resources */,
				EC8582442B035D3E000E8887 /* HorizontalCollectionalCell.xib in Resources */,
				EC6F86612B017D52003A7F26 /* MainCollectionHeader.xib in Resources */,
			);
			runOnlyForDeploymentPostprocessing = 0;
		};
/* End PBXResourcesBuildPhase section */

/* Begin PBXSourcesBuildPhase section */
		EC6F863B2B016FC1003A7F26 /* Sources */ = {
			isa = PBXSourcesBuildPhase;
			buildActionMask = 2147483647;
			files = (
				EC85822A2B02730D000E8887 /* String+Ext.swift in Sources */,
				EC6F86472B016FC2003A7F26 /* ViewController.swift in Sources */,
				EC8582362B028D23000E8887 /* TvShowResponse.swift in Sources */,
				EC8582332B028888000E8887 /* AlertPresentable.swift in Sources */,
				EC85822C2B02754D000E8887 /* UIViewController+Ext.swift in Sources */,
				EC6F86432B016FC2003A7F26 /* AppDelegate.swift in Sources */,
				EC6F86642B017EF0003A7F26 /* UIView+Ext.swift in Sources */,
				EC85822E2B027B23000E8887 /* UICollectionReusableView+Ext.swift in Sources */,
				EC6F86452B016FC2003A7F26 /* SceneDelegate.swift in Sources */,
				EC8582302B027BD3000E8887 /* UICollectionView+Ext.swift in Sources */,
				EC8582382B029043000E8887 /* TvShowDetailResponse.swift in Sources */,
				EC6F86602B017D52003A7F26 /* MainCollectionHeader.swift in Sources */,
				EC8582432B035D3E000E8887 /* HorizontalCollectionalCell.swift in Sources */,
			);
			runOnlyForDeploymentPostprocessing = 0;
		};
/* End PBXSourcesBuildPhase section */

/* Begin PBXVariantGroup section */
		EC6F86482B016FC2003A7F26 /* Main.storyboard */ = {
			isa = PBXVariantGroup;
			children = (
				EC6F86492B016FC2003A7F26 /* Base */,
			);
			name = Main.storyboard;
			sourceTree = "<group>";
		};
		EC6F864D2B016FC3003A7F26 /* LaunchScreen.storyboard */ = {
			isa = PBXVariantGroup;
			children = (
				EC6F864E2B016FC3003A7F26 /* Base */,
			);
			name = LaunchScreen.storyboard;
			sourceTree = "<group>";
		};
/* End PBXVariantGroup section */

/* Begin XCBuildConfiguration section */
		EC6F86512B016FC3003A7F26 /* Debug */ = {
			isa = XCBuildConfiguration;
			buildSettings = {
				ALWAYS_SEARCH_USER_PATHS = NO;
				ASSETCATALOG_COMPILER_GENERATE_SWIFT_ASSET_SYMBOL_EXTENSIONS = YES;
				CLANG_ANALYZER_NONNULL = YES;
				CLANG_ANALYZER_NUMBER_OBJECT_CONVERSION = YES_AGGRESSIVE;
				CLANG_CXX_LANGUAGE_STANDARD = "gnu++20";
				CLANG_ENABLE_MODULES = YES;
				CLANG_ENABLE_OBJC_ARC = YES;
				CLANG_ENABLE_OBJC_WEAK = YES;
				CLANG_WARN_BLOCK_CAPTURE_AUTORELEASING = YES;
				CLANG_WARN_BOOL_CONVERSION = YES;
				CLANG_WARN_COMMA = YES;
				CLANG_WARN_CONSTANT_CONVERSION = YES;
				CLANG_WARN_DEPRECATED_OBJC_IMPLEMENTATIONS = YES;
				CLANG_WARN_DIRECT_OBJC_ISA_USAGE = YES_ERROR;
				CLANG_WARN_DOCUMENTATION_COMMENTS = YES;
				CLANG_WARN_EMPTY_BODY = YES;
				CLANG_WARN_ENUM_CONVERSION = YES;
				CLANG_WARN_INFINITE_RECURSION = YES;
				CLANG_WARN_INT_CONVERSION = YES;
				CLANG_WARN_NON_LITERAL_NULL_CONVERSION = YES;
				CLANG_WARN_OBJC_IMPLICIT_RETAIN_SELF = YES;
				CLANG_WARN_OBJC_LITERAL_CONVERSION = YES;
				CLANG_WARN_OBJC_ROOT_CLASS = YES_ERROR;
				CLANG_WARN_QUOTED_INCLUDE_IN_FRAMEWORK_HEADER = YES;
				CLANG_WARN_RANGE_LOOP_ANALYSIS = YES;
				CLANG_WARN_STRICT_PROTOTYPES = YES;
				CLANG_WARN_SUSPICIOUS_MOVE = YES;
				CLANG_WARN_UNGUARDED_AVAILABILITY = YES_AGGRESSIVE;
				CLANG_WARN_UNREACHABLE_CODE = YES;
				CLANG_WARN__DUPLICATE_METHOD_MATCH = YES;
				COPY_PHASE_STRIP = NO;
				DEBUG_INFORMATION_FORMAT = dwarf;
				ENABLE_STRICT_OBJC_MSGSEND = YES;
				ENABLE_TESTABILITY = YES;
				ENABLE_USER_SCRIPT_SANDBOXING = YES;
				GCC_C_LANGUAGE_STANDARD = gnu17;
				GCC_DYNAMIC_NO_PIC = NO;
				GCC_NO_COMMON_BLOCKS = YES;
				GCC_OPTIMIZATION_LEVEL = 0;
				GCC_PREPROCESSOR_DEFINITIONS = (
					"DEBUG=1",
					"$(inherited)",
				);
				GCC_WARN_64_TO_32_BIT_CONVERSION = YES;
				GCC_WARN_ABOUT_RETURN_TYPE = YES_ERROR;
				GCC_WARN_UNDECLARED_SELECTOR = YES;
				GCC_WARN_UNINITIALIZED_AUTOS = YES_AGGRESSIVE;
				GCC_WARN_UNUSED_FUNCTION = YES;
				GCC_WARN_UNUSED_VARIABLE = YES;
				IPHONEOS_DEPLOYMENT_TARGET = 17.0;
				LOCALIZATION_PREFERS_STRING_CATALOGS = YES;
				MTL_ENABLE_DEBUG_INFO = INCLUDE_SOURCE;
				MTL_FAST_MATH = YES;
				ONLY_ACTIVE_ARCH = YES;
				SDKROOT = iphoneos;
				SWIFT_ACTIVE_COMPILATION_CONDITIONS = "DEBUG $(inherited)";
				SWIFT_OPTIMIZATION_LEVEL = "-Onone";
			};
			name = Debug;
		};
		EC6F86522B016FC3003A7F26 /* Release */ = {
			isa = XCBuildConfiguration;
			buildSettings = {
				ALWAYS_SEARCH_USER_PATHS = NO;
				ASSETCATALOG_COMPILER_GENERATE_SWIFT_ASSET_SYMBOL_EXTENSIONS = YES;
				CLANG_ANALYZER_NONNULL = YES;
				CLANG_ANALYZER_NUMBER_OBJECT_CONVERSION = YES_AGGRESSIVE;
				CLANG_CXX_LANGUAGE_STANDARD = "gnu++20";
				CLANG_ENABLE_MODULES = YES;
				CLANG_ENABLE_OBJC_ARC = YES;
				CLANG_ENABLE_OBJC_WEAK = YES;
				CLANG_WARN_BLOCK_CAPTURE_AUTORELEASING = YES;
				CLANG_WARN_BOOL_CONVERSION = YES;
				CLANG_WARN_COMMA = YES;
				CLANG_WARN_CONSTANT_CONVERSION = YES;
				CLANG_WARN_DEPRECATED_OBJC_IMPLEMENTATIONS = YES;
				CLANG_WARN_DIRECT_OBJC_ISA_USAGE = YES_ERROR;
				CLANG_WARN_DOCUMENTATION_COMMENTS = YES;
				CLANG_WARN_EMPTY_BODY = YES;
				CLANG_WARN_ENUM_CONVERSION = YES;
				CLANG_WARN_INFINITE_RECURSION = YES;
				CLANG_WARN_INT_CONVERSION = YES;
				CLANG_WARN_NON_LITERAL_NULL_CONVERSION = YES;
				CLANG_WARN_OBJC_IMPLICIT_RETAIN_SELF = YES;
				CLANG_WARN_OBJC_LITERAL_CONVERSION = YES;
				CLANG_WARN_OBJC_ROOT_CLASS = YES_ERROR;
				CLANG_WARN_QUOTED_INCLUDE_IN_FRAMEWORK_HEADER = YES;
				CLANG_WARN_RANGE_LOOP_ANALYSIS = YES;
				CLANG_WARN_STRICT_PROTOTYPES = YES;
				CLANG_WARN_SUSPICIOUS_MOVE = YES;
				CLANG_WARN_UNGUARDED_AVAILABILITY = YES_AGGRESSIVE;
				CLANG_WARN_UNREACHABLE_CODE = YES;
				CLANG_WARN__DUPLICATE_METHOD_MATCH = YES;
				COPY_PHASE_STRIP = NO;
				DEBUG_INFORMATION_FORMAT = "dwarf-with-dsym";
				ENABLE_NS_ASSERTIONS = NO;
				ENABLE_STRICT_OBJC_MSGSEND = YES;
				ENABLE_USER_SCRIPT_SANDBOXING = YES;
				GCC_C_LANGUAGE_STANDARD = gnu17;
				GCC_NO_COMMON_BLOCKS = YES;
				GCC_WARN_64_TO_32_BIT_CONVERSION = YES;
				GCC_WARN_ABOUT_RETURN_TYPE = YES_ERROR;
				GCC_WARN_UNDECLARED_SELECTOR = YES;
				GCC_WARN_UNINITIALIZED_AUTOS = YES_AGGRESSIVE;
				GCC_WARN_UNUSED_FUNCTION = YES;
				GCC_WARN_UNUSED_VARIABLE = YES;
				IPHONEOS_DEPLOYMENT_TARGET = 17.0;
				LOCALIZATION_PREFERS_STRING_CATALOGS = YES;
				MTL_ENABLE_DEBUG_INFO = NO;
				MTL_FAST_MATH = YES;
				SDKROOT = iphoneos;
				SWIFT_COMPILATION_MODE = wholemodule;
				VALIDATE_PRODUCT = YES;
			};
			name = Release;
		};
		EC6F86542B016FC3003A7F26 /* Debug */ = {
			isa = XCBuildConfiguration;
			buildSettings = {
				ASSETCATALOG_COMPILER_APPICON_NAME = AppIcon;
				ASSETCATALOG_COMPILER_GLOBAL_ACCENT_COLOR_NAME = AccentColor;
				CODE_SIGN_STYLE = Automatic;
				CURRENT_PROJECT_VERSION = 1;
				DEVELOPMENT_TEAM = 3KRQW7JR73;
				GENERATE_INFOPLIST_FILE = YES;
				INFOPLIST_FILE = MovieList/Info.plist;
				INFOPLIST_KEY_UIApplicationSupportsIndirectInputEvents = YES;
				INFOPLIST_KEY_UILaunchStoryboardName = LaunchScreen;
				INFOPLIST_KEY_UIMainStoryboardFile = Main;
				INFOPLIST_KEY_UISupportedInterfaceOrientations_iPad = "UIInterfaceOrientationPortrait UIInterfaceOrientationPortraitUpsideDown UIInterfaceOrientationLandscapeLeft UIInterfaceOrientationLandscapeRight";
				INFOPLIST_KEY_UISupportedInterfaceOrientations_iPhone = "UIInterfaceOrientationPortrait UIInterfaceOrientationLandscapeLeft UIInterfaceOrientationLandscapeRight";
				LD_RUNPATH_SEARCH_PATHS = (
					"$(inherited)",
					"@executable_path/Frameworks",
				);
				MARKETING_VERSION = 1.0;
				PRODUCT_BUNDLE_IDENTIFIER = enes.MovieList;
				PRODUCT_NAME = "$(TARGET_NAME)";
				SWIFT_EMIT_LOC_STRINGS = YES;
				SWIFT_VERSION = 5.0;
				TARGETED_DEVICE_FAMILY = "1,2";
			};
			name = Debug;
		};
		EC6F86552B016FC3003A7F26 /* Release */ = {
			isa = XCBuildConfiguration;
			buildSettings = {
				ASSETCATALOG_COMPILER_APPICON_NAME = AppIcon;
				ASSETCATALOG_COMPILER_GLOBAL_ACCENT_COLOR_NAME = AccentColor;
				CODE_SIGN_STYLE = Automatic;
				CURRENT_PROJECT_VERSION = 1;
				DEVELOPMENT_TEAM = 3KRQW7JR73;
				GENERATE_INFOPLIST_FILE = YES;
				INFOPLIST_FILE = MovieList/Info.plist;
				INFOPLIST_KEY_UIApplicationSupportsIndirectInputEvents = YES;
				INFOPLIST_KEY_UILaunchStoryboardName = LaunchScreen;
				INFOPLIST_KEY_UIMainStoryboardFile = Main;
				INFOPLIST_KEY_UISupportedInterfaceOrientations_iPad = "UIInterfaceOrientationPortrait UIInterfaceOrientationPortraitUpsideDown UIInterfaceOrientationLandscapeLeft UIInterfaceOrientationLandscapeRight";
				INFOPLIST_KEY_UISupportedInterfaceOrientations_iPhone = "UIInterfaceOrientationPortrait UIInterfaceOrientationLandscapeLeft UIInterfaceOrientationLandscapeRight";
				LD_RUNPATH_SEARCH_PATHS = (
					"$(inherited)",
					"@executable_path/Frameworks",
				);
				MARKETING_VERSION = 1.0;
				PRODUCT_BUNDLE_IDENTIFIER = enes.MovieList;
				PRODUCT_NAME = "$(TARGET_NAME)";
				SWIFT_EMIT_LOC_STRINGS = YES;
				SWIFT_VERSION = 5.0;
				TARGETED_DEVICE_FAMILY = "1,2";
			};
			name = Release;
		};
/* End XCBuildConfiguration section */

/* Begin XCConfigurationList section */
		EC6F863A2B016FC1003A7F26 /* Build configuration list for PBXProject "MovieList" */ = {
			isa = XCConfigurationList;
			buildConfigurations = (
				EC6F86512B016FC3003A7F26 /* Debug */,
				EC6F86522B016FC3003A7F26 /* Release */,
			);
			defaultConfigurationIsVisible = 0;
			defaultConfigurationName = Release;
		};
		EC6F86532B016FC3003A7F26 /* Build configuration list for PBXNativeTarget "MovieList" */ = {
			isa = XCConfigurationList;
			buildConfigurations = (
				EC6F86542B016FC3003A7F26 /* Debug */,
				EC6F86552B016FC3003A7F26 /* Release */,
			);
			defaultConfigurationIsVisible = 0;
			defaultConfigurationName = Release;
		};
/* End XCConfigurationList section */
	};
	rootObject = EC6F86372B016FC1003A7F26 /* Project object */;
}
